// !$*UTF8*$!
{
	archiveVersion = 1;
	classes = {
	};
	objectVersion = 77;
	objects = {

/* Begin PBXBuildFile section */
		7B3EF7852E85D4EA008B44FF /* KeychainAccess in Frameworks */ = {isa = PBXBuildFile; productRef = 7B3EF7842E85D4EA008B44FF /* KeychainAccess */; };
		7B3EF7882E85D55F008B44FF /* Charts.framework in Frameworks */ = {isa = PBXBuildFile; fileRef = 7B3EF7872E85D55F008B44FF /* Charts.framework */; };
		7BD6F8BE2E891733003590AD /* Assets.xcassets in Resources */ = {isa = PBXBuildFile; fileRef = 7BD6F8A72E891733003590AD /* Assets.xcassets */; };
		7BD6F8BF2E891733003590AD /* iOS16_COMPATIBILITY_FIX.md in Resources */ = {isa = PBXBuildFile; fileRef = 7BD6F8AA2E891733003590AD /* iOS16_COMPATIBILITY_FIX.md */; };
		7BD6F8C02E891733003590AD /* PROJECT_STRUCTURE.md in Resources */ = {isa = PBXBuildFile; fileRef = 7BD6F8AD2E891733003590AD /* PROJECT_STRUCTURE.md */; };
		7BD6F8C12E891733003590AD /* README.md in Resources */ = {isa = PBXBuildFile; fileRef = 7BD6F8AE2E891733003590AD /* README.md */; };
		7BD6F8C52E891733003590AD /* parrotApp.swift in Sources */ = {isa = PBXBuildFile; fileRef = 7BD6F8AC2E891733003590AD /* parrotApp.swift */; };
		7BD6F92F2E8BA2E7003590AD /* Shimmer in Frameworks */ = {isa = PBXBuildFile; productRef = 7BD6F92E2E8BA2E7003590AD /* Shimmer */; };
/* End PBXBuildFile section */

/* Begin PBXFileReference section */
		7B05EC3C2E85B8670000786D /* parrot.app */ = {isa = PBXFileReference; explicitFileType = wrapper.application; includeInIndex = 0; path = parrot.app; sourceTree = BUILT_PRODUCTS_DIR; };
		7B3EF7872E85D55F008B44FF /* Charts.framework */ = {isa = PBXFileReference; lastKnownFileType = wrapper.framework; name = Charts.framework; path = Platforms/iPhoneOS.platform/Developer/SDKs/iPhoneOS26.0.sdk/System/Library/Frameworks/Charts.framework; sourceTree = DEVELOPER_DIR; };
		7BD6F8A72E891733003590AD /* Assets.xcassets */ = {isa = PBXFileReference; lastKnownFileType = folder.assetcatalog; path = Assets.xcassets; sourceTree = "<group>"; };
		7BD6F8AA2E891733003590AD /* iOS16_COMPATIBILITY_FIX.md */ = {isa = PBXFileReference; lastKnownFileType = net.daringfireball.markdown; path = iOS16_COMPATIBILITY_FIX.md; sourceTree = "<group>"; };
		7BD6F8AC2E891733003590AD /* parrotApp.swift */ = {isa = PBXFileReference; lastKnownFileType = sourcecode.swift; path = parrotApp.swift; sourceTree = "<group>"; };
		7BD6F8AD2E891733003590AD /* PROJECT_STRUCTURE.md */ = {isa = PBXFileReference; lastKnownFileType = net.daringfireball.markdown; path = PROJECT_STRUCTURE.md; sourceTree = "<group>"; };
		7BD6F8AE2E891733003590AD /* README.md */ = {isa = PBXFileReference; lastKnownFileType = net.daringfireball.markdown; path = README.md; sourceTree = "<group>"; };
/* End PBXFileReference section */

/* Begin PBXFileSystemSynchronizedBuildFileExceptionSet section */
		7BD6F9292E8B7E02003590AD /* Exceptions for "Extensions" folder in "parrot" target */ = {
			isa = PBXFileSystemSynchronizedBuildFileExceptionSet;
			membershipExceptions = (
				iOS16Extensions.swift,
			);
			target = 7B05EC3B2E85B8670000786D /* parrot */;
		};
		7BD6F92A2E8B7E02003590AD /* Exceptions for "Services" folder in "parrot" target */ = {
			isa = PBXFileSystemSynchronizedBuildFileExceptionSet;
			membershipExceptions = (
				AuthManager.swift,
				DataService.swift,
				NetworkManager.swift,
			);
			target = 7B05EC3B2E85B8670000786D /* parrot */;
		};
		7BD6F92B2E8B7E02003590AD /* Exceptions for "ViewModels" folder in "parrot" target */ = {
			isa = PBXFileSystemSynchronizedBuildFileExceptionSet;
			membershipExceptions = (
				CageDetailViewModel.swift,
				CageListViewModel.swift,
				DashboardViewModel.swift,
				ParrotListViewModel.swift,
				SearchViewModel.swift,
			);
			target = 7B05EC3B2E85B8670000786D /* parrot */;
		};
		7BD6F92C2E8B7E02003590AD /* Exceptions for "Views" folder in "parrot" target */ = {
			isa = PBXFileSystemSynchronizedBuildFileExceptionSet;
			membershipExceptions = (
				Authentication/AuthenticationLoginView.swift,
				Cages/AddCageView.swift,
				Cages/AddParrotView.swift,
				Cages/CageDetailView.swift,
				Cages/CageListView.swift,
				Cages/EditParrotView.swift,
				Cages/ParrotRowView.swift,
				ContentView.swift,
				Dashboard/DashboardView.swift,
				MainTabView.swift,
				Parrots/ParrotListView.swift,
				Profile/ProfileView.swift,
				Search/SearchView.swift,
			);
			target = 7B05EC3B2E85B8670000786D /* parrot */;
		};
/* End PBXFileSystemSynchronizedBuildFileExceptionSet section */

/* Begin PBXFileSystemSynchronizedRootGroup section */
		7BD6F8F12E8B7E01003590AD /* Extensions */ = {
			isa = PBXFileSystemSynchronizedRootGroup;
			exceptions = (
				7BD6F9292E8B7E02003590AD /* Exceptions for "Extensions" folder in "parrot" target */,
			);
			path = Extensions;
			sourceTree = "<group>";
		};
		7BD6F8F32E8B7E01003590AD /* Models */ = {
			isa = PBXFileSystemSynchronizedRootGroup;
			path = Models;
			sourceTree = "<group>";
		};
		7BD6F8F72E8B7E01003590AD /* Services */ = {
			isa = PBXFileSystemSynchronizedRootGroup;
			exceptions = (
				7BD6F92A2E8B7E02003590AD /* Exceptions for "Services" folder in "parrot" target */,
			);
			path = Services;
			sourceTree = "<group>";
		};
		7BD6F8FD2E8B7E01003590AD /* ViewModels */ = {
			isa = PBXFileSystemSynchronizedRootGroup;
			exceptions = (
				7BD6F92B2E8B7E02003590AD /* Exceptions for "ViewModels" folder in "parrot" target */,
			);
			path = ViewModels;
			sourceTree = "<group>";
		};
		7BD6F9112E8B7E01003590AD /* Views */ = {
			isa = PBXFileSystemSynchronizedRootGroup;
			exceptions = (
				7BD6F92C2E8B7E02003590AD /* Exceptions for "Views" folder in "parrot" target */,
			);
			path = Views;
			sourceTree = "<group>";
		};
/* End PBXFileSystemSynchronizedRootGroup section */

/* Begin PBXFrameworksBuildPhase section */
		7B05EC392E85B8670000786D /* Frameworks */ = {
			isa = PBXFrameworksBuildPhase;
			buildActionMask = 2147483647;
			files = (
				7BD6F92F2E8BA2E7003590AD /* Shimmer in Frameworks */,
				7B3EF7852E85D4EA008B44FF /* KeychainAccess in Frameworks */,
				7B3EF7882E85D55F008B44FF /* Charts.framework in Frameworks */,
			);
			runOnlyForDeploymentPostprocessing = 0;
		};
/* End PBXFrameworksBuildPhase section */

/* Begin PBXGroup section */
		7B05EC332E85B8670000786D = {
			isa = PBXGroup;
			children = (
				7B3EF7862E85D55F008B44FF /* Frameworks */,
				7B05EC3D2E85B8670000786D /* Products */,
				7BD6F8F12E8B7E01003590AD /* Extensions */,
				7BD6F8F32E8B7E01003590AD /* Models */,
				7BD6F8F72E8B7E01003590AD /* Services */,
				7BD6F8FD2E8B7E01003590AD /* ViewModels */,
				7BD6F9112E8B7E01003590AD /* Views */,
				7BD6F8A72E891733003590AD /* Assets.xcassets */,
				7BD6F8AA2E891733003590AD /* iOS16_COMPATIBILITY_FIX.md */,
				7BD6F8AC2E891733003590AD /* parrotApp.swift */,
				7BD6F8AD2E891733003590AD /* PROJECT_STRUCTURE.md */,
				7BD6F8AE2E891733003590AD /* README.md */,
			);
			sourceTree = "<group>";
		};
		7B05EC3D2E85B8670000786D /* Products */ = {
			isa = PBXGroup;
			children = (
				7B05EC3C2E85B8670000786D /* parrot.app */,
			);
			name = Products;
			sourceTree = "<group>";
		};
		7B3EF7862E85D55F008B44FF /* Frameworks */ = {
			isa = PBXGroup;
			children = (
				7B3EF7872E85D55F008B44FF /* Charts.framework */,
			);
			name = Frameworks;
			sourceTree = "<group>";
		};
/* End PBXGroup section */

/* Begin PBXNativeTarget section */
		7B05EC3B2E85B8670000786D /* parrot */ = {
			isa = PBXNativeTarget;
			buildConfigurationList = 7B05EC472E85B8680000786D /* Build configuration list for PBXNativeTarget "parrot" */;
			buildPhases = (
				7B05EC382E85B8670000786D /* Sources */,
				7B05EC392E85B8670000786D /* Frameworks */,
				7B05EC3A2E85B8670000786D /* Resources */,
			);
			buildRules = (
			);
			dependencies = (
			);
			fileSystemSynchronizedGroups = (
				7BD6F8F32E8B7E01003590AD /* Models */,
			);
			name = parrot;
			packageProductDependencies = (
				7B3EF7842E85D4EA008B44FF /* KeychainAccess */,
				7BD6F92E2E8BA2E7003590AD /* Shimmer */,
			);
			productName = parrot;
			productReference = 7B05EC3C2E85B8670000786D /* parrot.app */;
			productType = "com.apple.product-type.application";
		};
/* End PBXNativeTarget section */

/* Begin PBXProject section */
		7B05EC342E85B8670000786D /* Project object */ = {
			isa = PBXProject;
			attributes = {
				BuildIndependentTargetsInParallel = 1;
				LastSwiftUpdateCheck = 2600;
				LastUpgradeCheck = 2600;
				TargetAttributes = {
					7B05EC3B2E85B8670000786D = {
						CreatedOnToolsVersion = 26.0.1;
					};
				};
			};
			buildConfigurationList = 7B05EC372E85B8670000786D /* Build configuration list for PBXProject "parrot" */;
			developmentRegion = "zh-Hans";
			hasScannedForEncodings = 0;
			knownRegions = (
				en,
				Base,
				"zh-Hans",
			);
			mainGroup = 7B05EC332E85B8670000786D;
			minimizedProjectReferenceProxies = 1;
			packageReferences = (
				7B3EF7832E85D4EA008B44FF /* XCRemoteSwiftPackageReference "KeychainAccess" */,
				7BD6F92D2E8BA2E7003590AD /* XCRemoteSwiftPackageReference "SwiftUI-Shimmer" */,
			);
			preferredProjectObjectVersion = 77;
			productRefGroup = 7B05EC3D2E85B8670000786D /* Products */;
			projectDirPath = "";
			projectRoot = "";
			targets = (
				7B05EC3B2E85B8670000786D /* parrot */,
			);
		};
/* End PBXProject section */

/* Begin PBXResourcesBuildPhase section */
		7B05EC3A2E85B8670000786D /* Resources */ = {
			isa = PBXResourcesBuildPhase;
			buildActionMask = 2147483647;
			files = (
				7BD6F8BE2E891733003590AD /* Assets.xcassets in Resources */,
				7BD6F8BF2E891733003590AD /* iOS16_COMPATIBILITY_FIX.md in Resources */,
				7BD6F8C02E891733003590AD /* PROJECT_STRUCTURE.md in Resources */,
				7BD6F8C12E891733003590AD /* README.md in Resources */,
			);
			runOnlyForDeploymentPostprocessing = 0;
		};
/* End PBXResourcesBuildPhase section */

/* Begin PBXSourcesBuildPhase section */
		7B05EC382E85B8670000786D /* Sources */ = {
			isa = PBXSourcesBuildPhase;
			buildActionMask = 2147483647;
			files = (
				7BD6F8C52E891733003590AD /* parrotApp.swift in Sources */,
			);
			runOnlyForDeploymentPostprocessing = 0;
		};
/* End PBXSourcesBuildPhase section */

/* Begin XCBuildConfiguration section */
		7B05EC452E85B8680000786D /* Debug */ = {
			isa = XCBuildConfiguration;
			buildSettings = {
				ALWAYS_SEARCH_USER_PATHS = NO;
				ASSETCATALOG_COMPILER_GENERATE_SWIFT_ASSET_SYMBOL_EXTENSIONS = YES;
				CLANG_ANALYZER_NONNULL = YES;
				CLANG_ANALYZER_NUMBER_OBJECT_CONVERSION = YES_AGGRESSIVE;
				CLANG_CXX_LANGUAGE_STANDARD = "gnu++20";
				CLANG_ENABLE_MODULES = YES;
				CLANG_ENABLE_OBJC_ARC = YES;
				CLANG_ENABLE_OBJC_WEAK = YES;
				CLANG_WARN_BLOCK_CAPTURE_AUTORELEASING = YES;
				CLANG_WARN_BOOL_CONVERSION = YES;
				CLANG_WARN_COMMA = YES;
				CLANG_WARN_CONSTANT_CONVERSION = YES;
				CLANG_WARN_DEPRECATED_OBJC_IMPLEMENTATIONS = YES;
				CLANG_WARN_DIRECT_OBJC_ISA_USAGE = YES_ERROR;
				CLANG_WARN_DOCUMENTATION_COMMENTS = YES;
				CLANG_WARN_EMPTY_BODY = YES;
				CLANG_WARN_ENUM_CONVERSION = YES;
				CLANG_WARN_INFINITE_RECURSION = YES;
				CLANG_WARN_INT_CONVERSION = YES;
				CLANG_WARN_NON_LITERAL_NULL_CONVERSION = YES;
				CLANG_WARN_OBJC_IMPLICIT_RETAIN_SELF = YES;
				CLANG_WARN_OBJC_LITERAL_CONVERSION = YES;
				CLANG_WARN_OBJC_ROOT_CLASS = YES_ERROR;
				CLANG_WARN_QUOTED_INCLUDE_IN_FRAMEWORK_HEADER = YES;
				CLANG_WARN_RANGE_LOOP_ANALYSIS = YES;
				CLANG_WARN_STRICT_PROTOTYPES = YES;
				CLANG_WARN_SUSPICIOUS_MOVE = YES;
				CLANG_WARN_UNGUARDED_AVAILABILITY = YES_AGGRESSIVE;
				CLANG_WARN_UNREACHABLE_CODE = YES;
				CLANG_WARN__DUPLICATE_METHOD_MATCH = YES;
				COPY_PHASE_STRIP = NO;
				DEBUG_INFORMATION_FORMAT = dwarf;
				ENABLE_STRICT_OBJC_MSGSEND = YES;
				ENABLE_TESTABILITY = YES;
				ENABLE_USER_SCRIPT_SANDBOXING = YES;
				GCC_C_LANGUAGE_STANDARD = gnu17;
				GCC_DYNAMIC_NO_PIC = NO;
				GCC_NO_COMMON_BLOCKS = YES;
				GCC_OPTIMIZATION_LEVEL = 0;
				GCC_PREPROCESSOR_DEFINITIONS = (
					"DEBUG=1",
					"$(inherited)",
				);
				GCC_WARN_64_TO_32_BIT_CONVERSION = YES;
				GCC_WARN_ABOUT_RETURN_TYPE = YES_ERROR;
				GCC_WARN_UNDECLARED_SELECTOR = YES;
				GCC_WARN_UNINITIALIZED_AUTOS = YES_AGGRESSIVE;
				GCC_WARN_UNUSED_FUNCTION = YES;
				GCC_WARN_UNUSED_VARIABLE = YES;
				LOCALIZATION_PREFERS_STRING_CATALOGS = YES;
				MTL_ENABLE_DEBUG_INFO = INCLUDE_SOURCE;
				MTL_FAST_MATH = YES;
				ONLY_ACTIVE_ARCH = YES;
				SWIFT_ACTIVE_COMPILATION_CONDITIONS = "DEBUG $(inherited)";
				SWIFT_OPTIMIZATION_LEVEL = "-Onone";
			};
			name = Debug;
		};
		7B05EC462E85B8680000786D /* Release */ = {
			isa = XCBuildConfiguration;
			buildSettings = {
				ALWAYS_SEARCH_USER_PATHS = NO;
				ASSETCATALOG_COMPILER_GENERATE_SWIFT_ASSET_SYMBOL_EXTENSIONS = YES;
				CLANG_ANALYZER_NONNULL = YES;
				CLANG_ANALYZER_NUMBER_OBJECT_CONVERSION = YES_AGGRESSIVE;
				CLANG_CXX_LANGUAGE_STANDARD = "gnu++20";
				CLANG_ENABLE_MODULES = YES;
				CLANG_ENABLE_OBJC_ARC = YES;
				CLANG_ENABLE_OBJC_WEAK = YES;
				CLANG_WARN_BLOCK_CAPTURE_AUTORELEASING = YES;
				CLANG_WARN_BOOL_CONVERSION = YES;
				CLANG_WARN_COMMA = YES;
				CLANG_WARN_CONSTANT_CONVERSION = YES;
				CLANG_WARN_DEPRECATED_OBJC_IMPLEMENTATIONS = YES;
				CLANG_WARN_DIRECT_OBJC_ISA_USAGE = YES_ERROR;
				CLANG_WARN_DOCUMENTATION_COMMENTS = YES;
				CLANG_WARN_EMPTY_BODY = YES;
				CLANG_WARN_ENUM_CONVERSION = YES;
				CLANG_WARN_INFINITE_RECURSION = YES;
				CLANG_WARN_INT_CONVERSION = YES;
				CLANG_WARN_NON_LITERAL_NULL_CONVERSION = YES;
				CLANG_WARN_OBJC_IMPLICIT_RETAIN_SELF = YES;
				CLANG_WARN_OBJC_LITERAL_CONVERSION = YES;
				CLANG_WARN_OBJC_ROOT_CLASS = YES_ERROR;
				CLANG_WARN_QUOTED_INCLUDE_IN_FRAMEWORK_HEADER = YES;
				CLANG_WARN_RANGE_LOOP_ANALYSIS = YES;
				CLANG_WARN_STRICT_PROTOTYPES = YES;
				CLANG_WARN_SUSPICIOUS_MOVE = YES;
				CLANG_WARN_UNGUARDED_AVAILABILITY = YES_AGGRESSIVE;
				CLANG_WARN_UNREACHABLE_CODE = YES;
				CLANG_WARN__DUPLICATE_METHOD_MATCH = YES;
				COPY_PHASE_STRIP = NO;
				DEBUG_INFORMATION_FORMAT = "dwarf-with-dsym";
				ENABLE_NS_ASSERTIONS = NO;
				ENABLE_STRICT_OBJC_MSGSEND = YES;
				ENABLE_USER_SCRIPT_SANDBOXING = YES;
				GCC_C_LANGUAGE_STANDARD = gnu17;
				GCC_NO_COMMON_BLOCKS = YES;
				GCC_WARN_64_TO_32_BIT_CONVERSION = YES;
				GCC_WARN_ABOUT_RETURN_TYPE = YES_ERROR;
				GCC_WARN_UNDECLARED_SELECTOR = YES;
				GCC_WARN_UNINITIALIZED_AUTOS = YES_AGGRESSIVE;
				GCC_WARN_UNUSED_FUNCTION = YES;
				GCC_WARN_UNUSED_VARIABLE = YES;
				LOCALIZATION_PREFERS_STRING_CATALOGS = YES;
				MTL_ENABLE_DEBUG_INFO = NO;
				MTL_FAST_MATH = YES;
				SWIFT_COMPILATION_MODE = wholemodule;
			};
			name = Release;
		};
		7B05EC482E85B8680000786D /* Debug */ = {
			isa = XCBuildConfiguration;
			buildSettings = {
				ASSETCATALOG_COMPILER_APPICON_NAME = AppIcon;
				ASSETCATALOG_COMPILER_GLOBAL_ACCENT_COLOR_NAME = AccentColor;
				CODE_SIGN_STYLE = Automatic;
				CURRENT_PROJECT_VERSION = 1;
				DEVELOPMENT_TEAM = 896FZ2AN77;
				ENABLE_APP_SANDBOX = YES;
				ENABLE_PREVIEWS = YES;
				ENABLE_USER_SELECTED_FILES = readonly;
				GENERATE_INFOPLIST_FILE = YES;
				"INFOPLIST_KEY_UIApplicationSceneManifest_Generation[sdk=iphoneos*]" = YES;
				"INFOPLIST_KEY_UIApplicationSceneManifest_Generation[sdk=iphonesimulator*]" = YES;
				"INFOPLIST_KEY_UIApplicationSupportsIndirectInputEvents[sdk=iphoneos*]" = YES;
				"INFOPLIST_KEY_UIApplicationSupportsIndirectInputEvents[sdk=iphonesimulator*]" = YES;
				"INFOPLIST_KEY_UILaunchScreen_Generation[sdk=iphoneos*]" = YES;
				"INFOPLIST_KEY_UILaunchScreen_Generation[sdk=iphonesimulator*]" = YES;
				"INFOPLIST_KEY_UIStatusBarStyle[sdk=iphoneos*]" = UIStatusBarStyleDefault;
				"INFOPLIST_KEY_UIStatusBarStyle[sdk=iphonesimulator*]" = UIStatusBarStyleDefault;
				INFOPLIST_KEY_UISupportedInterfaceOrientations_iPad = "UIInterfaceOrientationPortrait UIInterfaceOrientationPortraitUpsideDown UIInterfaceOrientationLandscapeLeft UIInterfaceOrientationLandscapeRight";
				INFOPLIST_KEY_UISupportedInterfaceOrientations_iPhone = "UIInterfaceOrientationPortrait UIInterfaceOrientationLandscapeLeft UIInterfaceOrientationLandscapeRight";
				IPHONEOS_DEPLOYMENT_TARGET = 16.2;
				LD_RUNPATH_SEARCH_PATHS = "@executable_path/Frameworks";
				"LD_RUNPATH_SEARCH_PATHS[sdk=macosx*]" = "@executable_path/../Frameworks";
				MACOSX_DEPLOYMENT_TARGET = 15.7;
				MARKETING_VERSION = 1.0;
				PRODUCT_BUNDLE_IDENTIFIER = lizhi.parrot;
				PRODUCT_NAME = "$(TARGET_NAME)";
				REGISTER_APP_GROUPS = YES;
				SDKROOT = auto;
				STRING_CATALOG_GENERATE_SYMBOLS = YES;
				SUPPORTED_PLATFORMS = "iphoneos iphonesimulator";
				SUPPORTS_MACCATALYST = NO;
				SWIFT_APPROACHABLE_CONCURRENCY = YES;
				SWIFT_DEFAULT_ACTOR_ISOLATION = MainActor;
				SWIFT_EMIT_LOC_STRINGS = YES;
				SWIFT_UPCOMING_FEATURE_MEMBER_IMPORT_VISIBILITY = YES;
				SWIFT_VERSION = 5.0;
				TARGETED_DEVICE_FAMILY = 1;
				XROS_DEPLOYMENT_TARGET = 26.0;
			};
			name = Debug;
		};
		7B05EC492E85B8680000786D /* Release */ = {
			isa = XCBuildConfiguration;
			buildSettings = {
				ASSETCATALOG_COMPILER_APPICON_NAME = AppIcon;
				ASSETCATALOG_COMPILER_GLOBAL_ACCENT_COLOR_NAME = AccentColor;
				CODE_SIGN_STYLE = Automatic;
				CURRENT_PROJECT_VERSION = 1;
				DEVELOPMENT_TEAM = 896FZ2AN77;
				ENABLE_APP_SANDBOX = YES;
				ENABLE_PREVIEWS = YES;
				ENABLE_USER_SELECTED_FILES = readonly;
				GENERATE_INFOPLIST_FILE = YES;
				"INFOPLIST_KEY_UIApplicationSceneManifest_Generation[sdk=iphoneos*]" = YES;
				"INFOPLIST_KEY_UIApplicationSceneManifest_Generation[sdk=iphonesimulator*]" = YES;
				"INFOPLIST_KEY_UIApplicationSupportsIndirectInputEvents[sdk=iphoneos*]" = YES;
				"INFOPLIST_KEY_UIApplicationSupportsIndirectInputEvents[sdk=iphonesimulator*]" = YES;
				"INFOPLIST_KEY_UILaunchScreen_Generation[sdk=iphoneos*]" = YES;
				"INFOPLIST_KEY_UILaunchScreen_Generation[sdk=iphonesimulator*]" = YES;
				"INFOPLIST_KEY_UIStatusBarStyle[sdk=iphoneos*]" = UIStatusBarStyleDefault;
				"INFOPLIST_KEY_UIStatusBarStyle[sdk=iphonesimulator*]" = UIStatusBarStyleDefault;
				INFOPLIST_KEY_UISupportedInterfaceOrientations_iPad = "UIInterfaceOrientationPortrait UIInterfaceOrientationPortraitUpsideDown UIInterfaceOrientationLandscapeLeft UIInterfaceOrientationLandscapeRight";
				INFOPLIST_KEY_UISupportedInterfaceOrientations_iPhone = "UIInterfaceOrientationPortrait UIInterfaceOrientationLandscapeLeft UIInterfaceOrientationLandscapeRight";
				IPHONEOS_DEPLOYMENT_TARGET = 16.2;
				LD_RUNPATH_SEARCH_PATHS = "@executable_path/Frameworks";
				"LD_RUNPATH_SEARCH_PATHS[sdk=macosx*]" = "@executable_path/../Frameworks";
				MACOSX_DEPLOYMENT_TARGET = 15.7;
				MARKETING_VERSION = 1.0;
				PRODUCT_BUNDLE_IDENTIFIER = lizhi.parrot;
				PRODUCT_NAME = "$(TARGET_NAME)";
				REGISTER_APP_GROUPS = YES;
				SDKROOT = auto;
				STRING_CATALOG_GENERATE_SYMBOLS = YES;
				SUPPORTED_PLATFORMS = "iphoneos iphonesimulator";
				SUPPORTS_MACCATALYST = NO;
				SWIFT_APPROACHABLE_CONCURRENCY = YES;
				SWIFT_DEFAULT_ACTOR_ISOLATION = MainActor;
				SWIFT_EMIT_LOC_STRINGS = YES;
				SWIFT_UPCOMING_FEATURE_MEMBER_IMPORT_VISIBILITY = YES;
				SWIFT_VERSION = 5.0;
				TARGETED_DEVICE_FAMILY = 1;
				XROS_DEPLOYMENT_TARGET = 26.0;
			};
			name = Release;
		};
/* End XCBuildConfiguration section */

/* Begin XCConfigurationList section */
		7B05EC372E85B8670000786D /* Build configuration list for PBXProject "parrot" */ = {
			isa = XCConfigurationList;
			buildConfigurations = (
				7B05EC452E85B8680000786D /* Debug */,
				7B05EC462E85B8680000786D /* Release */,
			);
			defaultConfigurationIsVisible = 0;
			defaultConfigurationName = Release;
		};
		7B05EC472E85B8680000786D /* Build configuration list for PBXNativeTarget "parrot" */ = {
			isa = XCConfigurationList;
			buildConfigurations = (
				7B05EC482E85B8680000786D /* Debug */,
				7B05EC492E85B8680000786D /* Release */,
			);
			defaultConfigurationIsVisible = 0;
			defaultConfigurationName = Release;
		};
/* End XCConfigurationList section */

/* Begin XCRemoteSwiftPackageReference section */
		7B3EF7832E85D4EA008B44FF /* XCRemoteSwiftPackageReference "KeychainAccess" */ = {
			isa = XCRemoteSwiftPackageReference;
			repositoryURL = "https://github.com/kishikawakatsumi/KeychainAccess.git";
			requirement = {
				branch = master;
				kind = branch;
			};
		};
		7BD6F92D2E8BA2E7003590AD /* XCRemoteSwiftPackageReference "SwiftUI-Shimmer" */ = {
			isa = XCRemoteSwiftPackageReference;
			repositoryURL = "https://github.com/markiv/SwiftUI-Shimmer";
			requirement = {
				kind = upToNextMajorVersion;
				minimumVersion = 1.5.1;
			};
		};
/* End XCRemoteSwiftPackageReference section */

/* Begin XCSwiftPackageProductDependency section */
		7B3EF7842E85D4EA008B44FF /* KeychainAccess */ = {
			isa = XCSwiftPackageProductDependency;
			package = 7B3EF7832E85D4EA008B44FF /* XCRemoteSwiftPackageReference "KeychainAccess" */;
			productName = KeychainAccess;
		};
		7BD6F92E2E8BA2E7003590AD /* Shimmer */ = {
			isa = XCSwiftPackageProductDependency;
			package = 7BD6F92D2E8BA2E7003590AD /* XCRemoteSwiftPackageReference "SwiftUI-Shimmer" */;
			productName = Shimmer;
		};
/* End XCSwiftPackageProductDependency section */
	};
	rootObject = 7B05EC342E85B8670000786D /* Project object */;
}
